
Microsoft Visual Studio Solution File, Format Version 12.00
# Visual Studio 15
VisualStudioVersion = 15.0.26430.13
MinimumVisualStudioVersion = 10.0.40219.1
Project("{FAE04EC0-301F-11D3-BF4B-00C04F79EFBC}") = "dubletttenfinder.ui", "dubletttenfinder.ui\dubletttenfinder.ui.csproj", "{A4D3E605-BD8E-402F-B7D5-939796231A2C}"
EndProject
Project("{FAE04EC0-301F-11D3-BF4B-00C04F79EFBC}") = "dublettenfinder.dublettenprüfung", "dublettenfinder.dublettenprüfung\dublettenfinder.dublettenprüfung.csproj", "{3E5F5B2D-D074-429C-A86E-4A42F2016A56}"
EndProject
Project("{FAE04EC0-301F-11D3-BF4B-00C04F79EFBC}") = "dublettenfinder.adapter", "dublettenfinder.adapter\dublettenfinder.adapter.csproj", "{D9FC550F-80E1-4D93-8A81-8B408805FF15}"
EndProject
Project("{FAE04EC0-301F-11D3-BF4B-00C04F79EFBC}") = "dublettenfinder.dublettenprüfung.tests", "dublettenfinder.dublettenprüfung.tests\dublettenfinder.dublettenprüfung.tests.csproj", "{21DC9C03-49DF-4438-83A7-835D8B3591AA}"
EndProject
Project("{FAE04EC0-301F-11D3-BF4B-00C04F79EFBC}") = "dublettenfinder.ui.tests", "dublettenfinder.ui.tests\dublettenfinder.ui.tests.csproj", "{72C01CD2-156F-4A31-A821-E32418AAE9A3}"
EndProject
Project("{FAE04EC0-301F-11D3-BF4B-00C04F79EFBC}") = "dublettenfinder.usecase", "dublettenfinder.usecase\dublettenfinder.usecase.csproj", "{626558FE-AAEE-4602-9517-34AA15D96AFB}"
EndProject
Project("{FAE04EC0-301F-11D3-BF4B-00C04F79EFBC}") = "dublettenfinder.usecase.tests", "dublettenfinder.usecase.tests\dublettenfinder.usecase.tests.csproj", "{AB2A6D39-801F-46AA-82AD-5EC58AA78A73}"
EndProject
Global
	GlobalSection(SolutionConfigurationPlatforms) = preSolution
		Debug|Any CPU = Debug|Any CPU
		Release|Any CPU = Release|Any CPU
	EndGlobalSection
	GlobalSection(ProjectConfigurationPlatforms) = postSolution
		{A4D3E605-BD8E-402F-B7D5-939796231A2C}.Debug|Any CPU.ActiveCfg = Debug|Any CPU
		{A4D3E605-BD8E-402F-B7D5-939796231A2C}.Debug|Any CPU.Build.0 = Debug|Any CPU
		{A4D3E605-BD8E-402F-B7D5-939796231A2C}.Release|Any CPU.ActiveCfg = Release|Any CPU
		{A4D3E605-BD8E-402F-B7D5-939796231A2C}.Release|Any CPU.Build.0 = Release|Any CPU
		{3E5F5B2D-D074-429C-A86E-4A42F2016A56}.Debug|Any CPU.ActiveCfg = Debug|Any CPU
		{3E5F5B2D-D074-429C-A86E-4A42F2016A56}.Debug|Any CPU.Build.0 = Debug|Any CPU
		{3E5F5B2D-D074-429C-A86E-4A42F2016A56}.Release|Any CPU.ActiveCfg = Release|Any CPU
		{3E5F5B2D-D074-429C-A86E-4A42F2016A56}.Release|Any CPU.Build.0 = Release|Any CPU
		{D9FC550F-80E1-4D93-8A81-8B408805FF15}.Debug|Any CPU.ActiveCfg = Debug|Any CPU
		{D9FC550F-80E1-4D93-8A81-8B408805FF15}.Debug|Any CPU.Build.0 = Debug|Any CPU
		{D9FC550F-80E1-4D93-8A81-8B408805FF15}.Release|Any CPU.ActiveCfg = Release|Any CPU
		{D9FC550F-80E1-4D93-8A81-8B408805FF15}.Release|Any CPU.Build.0 = Release|Any CPU
		{21DC9C03-49DF-4438-83A7-835D8B3591AA}.Debug|Any CPU.ActiveCfg = Debug|Any CPU
		{21DC9C03-49DF-4438-83A7-835D8B3591AA}.Debug|Any CPU.Build.0 = Debug|Any CPU
		{21DC9C03-49DF-4438-83A7-835D8B3591AA}.Release|Any CPU.ActiveCfg = Release|Any CPU
		{21DC9C03-49DF-4438-83A7-835D8B3591AA}.Release|Any CPU.Build.0 = Release|Any CPU
		{72C01CD2-156F-4A31-A821-E32418AAE9A3}.Debug|Any CPU.ActiveCfg = Debug|Any CPU
		{72C01CD2-156F-4A31-A821-E32418AAE9A3}.Debug|Any CPU.Build.0 = Debug|Any CPU
		{72C01CD2-156F-4A31-A821-E32418AAE9A3}.Release|Any CPU.ActiveCfg = Release|Any CPU
		{72C01CD2-156F-4A31-A821-E32418AAE9A3}.Release|Any CPU.Build.0 = Release|Any CPU
		{626558FE-AAEE-4602-9517-34AA15D96AFB}.Debug|Any CPU.ActiveCfg = Debug|Any CPU
		{626558FE-AAEE-4602-9517-34AA15D96AFB}.Debug|Any CPU.Build.0 = Debug|Any CPU
		{626558FE-AAEE-4602-9517-34AA15D96AFB}.Release|Any CPU.ActiveCfg = Release|Any CPU
		{626558FE-AAEE-4602-9517-34AA15D96AFB}.Release|Any CPU.Build.0 = Release|Any CPU
		{AB2A6D39-801F-46AA-82AD-5EC58AA78A73}.Debug|Any CPU.ActiveCfg = Debug|Any CPU
		{AB2A6D39-801F-46AA-82AD-5EC58AA78A73}.Debug|Any CPU.Build.0 = Debug|Any CPU
		{AB2A6D39-801F-46AA-82AD-5EC58AA78A73}.Release|Any CPU.ActiveCfg = Release|Any CPU
		{AB2A6D39-801F-46AA-82AD-5EC58AA78A73}.Release|Any CPU.Build.0 = Release|Any CPU
	EndGlobalSection
	GlobalSection(SolutionProperties) = preSolution
		HideSolutionNode = FALSE
	EndGlobalSection
EndGlobal
